
Microsoft Visual Studio Solution File, Format Version 12.00
# Visual Studio Version 16
VisualStudioVersion = 16.0.30330.147
MinimumVisualStudioVersion = 10.0.40219.1
Project("{FAE04EC0-301F-11D3-BF4B-00C04F79EFBC}") = "Mock.Presentation", "Mock.Presentation\Mock.Presentation.csproj", "{804B3D65-5118-4746-9E55-44F9735BFA8E}"
EndProject
Project("{2150E333-8FDC-42A3-9474-1A3956D46DE8}") = "Source", "Source", "{4B6701C2-0DA4-4B4E-AABE-405308BAD790}"
EndProject
Project("{2150E333-8FDC-42A3-9474-1A3956D46DE8}") = "Test", "Test", "{78762984-D12E-4FC4-AA96-8C5716DA4651}"
EndProject
Project("{2150E333-8FDC-42A3-9474-1A3956D46DE8}") = "01.Presentation", "01.Presentation", "{7F8664C5-1B65-424E-B833-DFDB4361110D}"
EndProject
Project("{2150E333-8FDC-42A3-9474-1A3956D46DE8}") = "02.Services", "02.Services", "{55FB449A-1B4A-445C-9DFE-75BA4C1748E6}"
EndProject
Project("{2150E333-8FDC-42A3-9474-1A3956D46DE8}") = "03.DataLayers", "03.DataLayers", "{03AE70F9-C3C1-44D1-B7C4-C26D947543EC}"
EndProject
Project("{2150E333-8FDC-42A3-9474-1A3956D46DE8}") = "04.Domains", "04.Domains", "{CEA08568-FCB2-4569-826C-B50BD437AC86}"
EndProject
Project("{FAE04EC0-301F-11D3-BF4B-00C04F79EFBC}") = "Mock.Services", "Mock.Services\Mock.Services.csproj", "{7D8F44B1-8006-45FC-A648-C57395E7FD74}"
EndProject
Project("{FAE04EC0-301F-11D3-BF4B-00C04F79EFBC}") = "Mock.DataLayerCommands", "Mock.DataLayerCommands\Mock.DataLayerCommands.csproj", "{ADD509EA-4E21-4458-BDD7-713ED62C7270}"
EndProject
Project("{FAE04EC0-301F-11D3-BF4B-00C04F79EFBC}") = "Mock.DataLayerQueries", "Mock.DataLayerQueries\Mock.DataLayerQueries.csproj", "{EC47215B-8130-42EC-8914-5F6736FCA6EB}"
EndProject
Project("{FAE04EC0-301F-11D3-BF4B-00C04F79EFBC}") = "Mock.Domains", "Mock.Domains\Mock.Domains.csproj", "{0071EE8A-BDA8-49FD-84B5-56CCC417B4D8}"
EndProject
Project("{FAE04EC0-301F-11D3-BF4B-00C04F79EFBC}") = "Mock.Services.Test", "Mock.Services.Test\Mock.Services.Test.csproj", "{C1EF4837-1B44-4900-8D4D-055D6AC48029}"
EndProject
Global
	GlobalSection(SolutionConfigurationPlatforms) = preSolution
		Debug|Any CPU = Debug|Any CPU
		Release|Any CPU = Release|Any CPU
	EndGlobalSection
	GlobalSection(ProjectConfigurationPlatforms) = postSolution
		{804B3D65-5118-4746-9E55-44F9735BFA8E}.Debug|Any CPU.ActiveCfg = Debug|Any CPU
		{804B3D65-5118-4746-9E55-44F9735BFA8E}.Debug|Any CPU.Build.0 = Debug|Any CPU
		{804B3D65-5118-4746-9E55-44F9735BFA8E}.Release|Any CPU.ActiveCfg = Release|Any CPU
		{804B3D65-5118-4746-9E55-44F9735BFA8E}.Release|Any CPU.Build.0 = Release|Any CPU
		{7D8F44B1-8006-45FC-A648-C57395E7FD74}.Debug|Any CPU.ActiveCfg = Debug|Any CPU
		{7D8F44B1-8006-45FC-A648-C57395E7FD74}.Debug|Any CPU.Build.0 = Debug|Any CPU
		{7D8F44B1-8006-45FC-A648-C57395E7FD74}.Release|Any CPU.ActiveCfg = Release|Any CPU
		{7D8F44B1-8006-45FC-A648-C57395E7FD74}.Release|Any CPU.Build.0 = Release|Any CPU
		{ADD509EA-4E21-4458-BDD7-713ED62C7270}.Debug|Any CPU.ActiveCfg = Debug|Any CPU
		{ADD509EA-4E21-4458-BDD7-713ED62C7270}.Debug|Any CPU.Build.0 = Debug|Any CPU
		{ADD509EA-4E21-4458-BDD7-713ED62C7270}.Release|Any CPU.ActiveCfg = Release|Any CPU
		{ADD509EA-4E21-4458-BDD7-713ED62C7270}.Release|Any CPU.Build.0 = Release|Any CPU
		{EC47215B-8130-42EC-8914-5F6736FCA6EB}.Debug|Any CPU.ActiveCfg = Debug|Any CPU
		{EC47215B-8130-42EC-8914-5F6736FCA6EB}.Debug|Any CPU.Build.0 = Debug|Any CPU
		{EC47215B-8130-42EC-8914-5F6736FCA6EB}.Release|Any CPU.ActiveCfg = Release|Any CPU
		{EC47215B-8130-42EC-8914-5F6736FCA6EB}.Release|Any CPU.Build.0 = Release|Any CPU
		{0071EE8A-BDA8-49FD-84B5-56CCC417B4D8}.Debug|Any CPU.ActiveCfg = Debug|Any CPU
		{0071EE8A-BDA8-49FD-84B5-56CCC417B4D8}.Debug|Any CPU.Build.0 = Debug|Any CPU
		{0071EE8A-BDA8-49FD-84B5-56CCC417B4D8}.Release|Any CPU.ActiveCfg = Release|Any CPU
		{0071EE8A-BDA8-49FD-84B5-56CCC417B4D8}.Release|Any CPU.Build.0 = Release|Any CPU
		{C1EF4837-1B44-4900-8D4D-055D6AC48029}.Debug|Any CPU.ActiveCfg = Debug|Any CPU
		{C1EF4837-1B44-4900-8D4D-055D6AC48029}.Debug|Any CPU.Build.0 = Debug|Any CPU
		{C1EF4837-1B44-4900-8D4D-055D6AC48029}.Release|Any CPU.ActiveCfg = Release|Any CPU
		{C1EF4837-1B44-4900-8D4D-055D6AC48029}.Release|Any CPU.Build.0 = Release|Any CPU
	EndGlobalSection
	GlobalSection(SolutionProperties) = preSolution
		HideSolutionNode = FALSE
	EndGlobalSection
	GlobalSection(NestedProjects) = preSolution
		{804B3D65-5118-4746-9E55-44F9735BFA8E} = {7F8664C5-1B65-424E-B833-DFDB4361110D}
		{7F8664C5-1B65-424E-B833-DFDB4361110D} = {4B6701C2-0DA4-4B4E-AABE-405308BAD790}
		{55FB449A-1B4A-445C-9DFE-75BA4C1748E6} = {4B6701C2-0DA4-4B4E-AABE-405308BAD790}
		{03AE70F9-C3C1-44D1-B7C4-C26D947543EC} = {4B6701C2-0DA4-4B4E-AABE-405308BAD790}
		{CEA08568-FCB2-4569-826C-B50BD437AC86} = {4B6701C2-0DA4-4B4E-AABE-405308BAD790}
		{7D8F44B1-8006-45FC-A648-C57395E7FD74} = {55FB449A-1B4A-445C-9DFE-75BA4C1748E6}
		{ADD509EA-4E21-4458-BDD7-713ED62C7270} = {03AE70F9-C3C1-44D1-B7C4-C26D947543EC}
		{EC47215B-8130-42EC-8914-5F6736FCA6EB} = {03AE70F9-C3C1-44D1-B7C4-C26D947543EC}
		{0071EE8A-BDA8-49FD-84B5-56CCC417B4D8} = {CEA08568-FCB2-4569-826C-B50BD437AC86}
		{C1EF4837-1B44-4900-8D4D-055D6AC48029} = {78762984-D12E-4FC4-AA96-8C5716DA4651}
	EndGlobalSection
	GlobalSection(ExtensibilityGlobals) = postSolution
		SolutionGuid = {F7E6607A-B25C-4015-87D5-141495491F4E}
	EndGlobalSection
EndGlobal
